
Microsoft Visual Studio Solution File, Format Version 12.00
# Visual Studio Version 17
VisualStudioVersion = 17.7.34031.279
MinimumVisualStudioVersion = 10.0.40219.1
Project("{FAE04EC0-301F-11D3-BF4B-00C04F79EFBC}") = "Khromushin2", "Khromushin2\Khromushin2.csproj", "{1FACD2B9-FC0F-449A-A132-774CA12296F8}"
EndProject
Global
	GlobalSection(SolutionConfigurationPlatforms) = preSolution
		Debug|Any CPU = Debug|Any CPU
		Release|Any CPU = Release|Any CPU
	EndGlobalSection
	GlobalSection(ProjectConfigurationPlatforms) = postSolution
		{1FACD2B9-FC0F-449A-A132-774CA12296F8}.Debug|Any CPU.ActiveCfg = Debug|Any CPU
		{1FACD2B9-FC0F-449A-A132-774CA12296F8}.Debug|Any CPU.Build.0 = Debug|Any CPU
		{1FACD2B9-FC0F-449A-A132-774CA12296F8}.Release|Any CPU.ActiveCfg = Release|Any CPU
		{1FACD2B9-FC0F-449A-A132-774CA12296F8}.Release|Any CPU.Build.0 = Release|Any CPU
	EndGlobalSection
	GlobalSection(SolutionProperties) = preSolution
		HideSolutionNode = FALSE
	EndGlobalSection
	GlobalSection(ExtensibilityGlobals) = postSolution
		SolutionGuid = {AC49C262-9B05-4951-B66F-1333988CD039}
	EndGlobalSection
EndGlobal
