
Microsoft Visual Studio Solution File, Format Version 12.00
# Visual Studio Version 17
VisualStudioVersion = 17.7.34031.279
MinimumVisualStudioVersion = 10.0.40219.1
Project("{FAE04EC0-301F-11D3-BF4B-00C04F79EFBC}") = "Khromushin.nomer6", "Khromushin.nomer6\Khromushin.nomer6.csproj", "{D2C1CA25-51CA-4E0B-B5F0-3495DC2321FF}"
EndProject
Global
	GlobalSection(SolutionConfigurationPlatforms) = preSolution
		Debug|Any CPU = Debug|Any CPU
		Release|Any CPU = Release|Any CPU
	EndGlobalSection
	GlobalSection(ProjectConfigurationPlatforms) = postSolution
		{D2C1CA25-51CA-4E0B-B5F0-3495DC2321FF}.Debug|Any CPU.ActiveCfg = Debug|Any CPU
		{D2C1CA25-51CA-4E0B-B5F0-3495DC2321FF}.Debug|Any CPU.Build.0 = Debug|Any CPU
		{D2C1CA25-51CA-4E0B-B5F0-3495DC2321FF}.Release|Any CPU.ActiveCfg = Release|Any CPU
		{D2C1CA25-51CA-4E0B-B5F0-3495DC2321FF}.Release|Any CPU.Build.0 = Release|Any CPU
	EndGlobalSection
	GlobalSection(SolutionProperties) = preSolution
		HideSolutionNode = FALSE
	EndGlobalSection
	GlobalSection(ExtensibilityGlobals) = postSolution
		SolutionGuid = {219D79B6-52DA-4BA5-A898-7E9499F54C4B}
	EndGlobalSection
EndGlobal
